{
    "_readme": [
        "This file locks the dependencies of your project to a known state",
        "Read more about it at https://getcomposer.org/doc/01-basic-usage.md#composer-lock-the-lock-file",
        "This file is @generated automatically"
    ],
    "hash": "683e51672c94fb381fc3592f371f2563",
    "content-hash": "caace18bc91f9cb461c6dc19633393fb",
    "packages": [
        {
            "name": "components/jquery",
            "version": "2.2.0",
            "source": {
                "type": "git",
                "url": "https://github.com/components/jquery.git",
                "reference": "d8b2ac0c1978e9ed8602789123976b1c7161ef96"
            },
            "dist": {
                "type": "zip",
                "url": "https://api.github.com/repos/components/jquery/zipball/d8b2ac0c1978e9ed8602789123976b1c7161ef96",
                "reference": "d8b2ac0c1978e9ed8602789123976b1c7161ef96",
                "shasum": ""
            },
            "type": "component",
            "extra": {
                "component": {
                    "scripts": [
                        "jquery.js"
                    ],
                    "files": [
                        "jquery.min.js",
                        "jquery.min.map",
                        "jquery-migrate.js",
                        "jquery-migrate.min.js"
                    ]
                }
            },
            "notification-url": "https://packagist.org/downloads/",
            "license": [
                "MIT"
            ],
            "authors": [
                {
                    "name": "John Resig",
                    "email": "jeresig@gmail.com"
                }
            ],
            "description": "jQuery JavaScript Library",
            "homepage": "http://jquery.com",
            "time": "2016-01-08 23:29:41"
        },
        {
            "name": "openwall/phpass",
            "version": "0.3",
            "dist": {
                "type": "tar",
                "url": "http://www.openwall.com/phpass/phpass-0.3.tar.gz",
                "reference": null,
                "shasum": null
            },
            "type": "library",
            "autoload": {
                "classmap": [
                    "PasswordHash.php"
                ]
            }
        },
        {
            "name": "owasp/phprbac",
            "version": "2.0.x-dev",
            "source": {
                "type": "git",
                "url": "https://github.com/OWASP/rbac.git",
                "reference": "82ba74cf823a8c5a9225a56d51f58f9f60b20c54"
            },
            "dist": {
                "type": "zip",
                "url": "https://api.github.com/repos/OWASP/rbac/zipball/82ba74cf823a8c5a9225a56d51f58f9f60b20c54",
                "reference": "82ba74cf823a8c5a9225a56d51f58f9f60b20c54",
                "shasum": ""
            },
            "type": "library",
            "autoload": {
                "psr-0": {
                    "PhpRbac": "PhpRbac/src"
                }
            },
            "notification-url": "https://packagist.org/downloads/",
            "license": [
                "CC-BY-SA-3.0"
            ],
            "authors": [
                {
                    "name": "AbiusX",
                    "email": "me@abiusx.com",
                    "homepage": "http://abiusx.com/",
                    "role": "Lead Developer"
                },
                {
                    "name": "Jesse Burns",
                    "email": "jesse.burns@alliancecms.com",
                    "homepage": "http://www.jbwebware.com",
                    "role": "Developer"
                }
            ],
            "description": "PHP-RBAC is the de-facto authorization library for PHP. It provides developers with NIST Level 2 Standard Role Based Access Control and more, in the fastest implementation yet.",
            "homepage": "http://phprbac.net/",
            "keywords": [
                "owasp",
                "rbac",
                "security"
            ],
            "time": "2014-03-14 13:16:56"
        },
        {
            "name": "smarty/smarty",
            "version": "dev-master",
            "source": {
                "type": "git",
                "url": "https://github.com/smarty-php/smarty.git",
                "reference": "0735ff9605fbe540f88c90a0b3fbc27a9b15d5ad"
            },
            "dist": {
                "type": "zip",
                "url": "https://api.github.com/repos/smarty-php/smarty/zipball/0735ff9605fbe540f88c90a0b3fbc27a9b15d5ad",
                "reference": "0735ff9605fbe540f88c90a0b3fbc27a9b15d5ad",
                "shasum": ""
            },
            "require": {
                "php": ">=5.2"
            },
            "type": "library",
            "extra": {
                "branch-alias": {
                    "dev-master": "3.1.x-dev"
                }
            },
            "autoload": {
                "classmap": [
                    "libs/Smarty.class.php",
                    "libs/SmartyBC.class.php",
                    "libs/sysplugins/"
                ]
            },
            "notification-url": "https://packagist.org/downloads/",
            "license": [
                "LGPL-3.0"
            ],
            "authors": [
                {
                    "name": "Monte Ohrt",
                    "email": "monte@ohrt.com"
                },
                {
                    "name": "Uwe Tews",
                    "email": "uwe.tews@googlemail.com"
                },
                {
                    "name": "Rodney Rehm",
                    "email": "rodney.rehm@medialize.de"
                }
            ],
            "description": "Smarty - the compiling PHP template engine",
            "homepage": "http://www.smarty.net",
            "keywords": [
                "templating"
            ],
            "time": "2016-02-14 19:57:21"
        }
    ],
    "packages-dev": [],
    "aliases": [],
    "minimum-stability": "dev",
    "stability-flags": {
        "owasp/phprbac": 20
    },
    "prefer-stable": false,
    "prefer-lowest": false,
    "platform": [],
    "platform-dev": []
}
