{
    "_readme": [
        "This file locks the dependencies of your project to a known state",
        "Read more about it at https://getcomposer.org/doc/01-basic-usage.md#composer-lock-the-lock-file",
        "This file is @generated automatically"
    ],
    "hash": "c0db5fd36db7e76a2a5044db2612e215",
    "content-hash": "938bde0e124f8e4fe1c891aa40d5a9b7",
    "packages": [
        {
            "name": "components/jquery",
            "version": "2.2.1",
            "source": {
                "type": "git",
                "url": "https://github.com/components/jquery.git",
                "reference": "7894addbce3c4de6f82449610e6f8e168b49e9b0"
            },
            "dist": {
                "type": "zip",
                "url": "https://api.github.com/repos/components/jquery/zipball/7894addbce3c4de6f82449610e6f8e168b49e9b0",
                "reference": "7894addbce3c4de6f82449610e6f8e168b49e9b0",
                "shasum": ""
            },
            "type": "component",
            "extra": {
                "component": {
                    "scripts": [
                        "jquery.js"
                    ],
                    "files": [
                        "jquery.min.js",
                        "jquery.min.map",
                        "jquery-migrate.js",
                        "jquery-migrate.min.js"
                    ]
                }
            },
            "notification-url": "https://packagist.org/downloads/",
            "license": [
                "MIT"
            ],
            "authors": [
                {
                    "name": "John Resig",
                    "email": "jeresig@gmail.com"
                }
            ],
            "description": "jQuery JavaScript Library",
            "homepage": "http://jquery.com",
            "time": "2016-02-24 08:16:25"
        },
        {
            "name": "components/jqueryui",
            "version": "1.11.4",
            "source": {
                "type": "git",
                "url": "https://github.com/components/jqueryui.git",
                "reference": "c34f8dbf3ba57b3784b93f26119f436c0e8288e1"
            },
            "dist": {
                "type": "zip",
                "url": "https://api.github.com/repos/components/jqueryui/zipball/c34f8dbf3ba57b3784b93f26119f436c0e8288e1",
                "reference": "c34f8dbf3ba57b3784b93f26119f436c0e8288e1",
                "shasum": ""
            },
            "require": {
                "components/jquery": ">=1.6"
            },
            "type": "component",
            "extra": {
                "component": {
                    "name": "jquery-ui",
                    "scripts": [
                        "jquery-ui.js"
                    ],
                    "files": [
                        "ui/**",
                        "themes/**",
                        "jquery-ui.min.js"
                    ],
                    "shim": {
                        "deps": [
                            "jquery"
                        ],
                        "exports": "jQuery"
                    }
                }
            },
            "notification-url": "https://packagist.org/downloads/",
            "license": [
                "MIT"
            ],
            "authors": [
                {
                    "name": "jQuery UI Team",
                    "homepage": "http://jqueryui.com/about"
                },
                {
                    "name": "Joern Zaefferer",
                    "email": "joern.zaefferer@gmail.com",
                    "homepage": "http://bassistance.de"
                },
                {
                    "name": "Scott Gonzalez",
                    "email": "scott.gonzalez@gmail.com",
                    "homepage": "http://scottgonzalez.com"
                },
                {
                    "name": "Kris Borchers",
                    "email": "kris.borchers@gmail.com",
                    "homepage": "http://krisborchers.com"
                },
                {
                    "name": "Mike Sherov",
                    "email": "mike.sherov@gmail.com",
                    "homepage": "http://mike.sherov.com"
                },
                {
                    "name": "TJ VanToll",
                    "email": "tj.vantoll@gmail.com",
                    "homepage": "http://tjvantoll.com"
                },
                {
                    "name": "Corey Frang",
                    "email": "gnarf37@gmail.com",
                    "homepage": "http://gnarf.net"
                },
                {
                    "name": "Felix Nagel",
                    "email": "info@felixnagel.com",
                    "homepage": "http://www.felixnagel.com"
                }
            ],
            "description": "jQuery UI is a curated set of user interface interactions, effects, widgets, and themes built on top of the jQuery JavaScript Library. Whether you're building highly interactive web applications or you just need to add a date picker to a form control, jQuery UI is the perfect choice.",
            "time": "2015-03-13 14:48:12"
        },
        {
            "name": "openwall/phpass",
            "version": "0.3",
            "dist": {
                "type": "tar",
                "url": "http://www.openwall.com/phpass/phpass-0.3.tar.gz",
                "reference": null,
                "shasum": null
            },
            "type": "library",
            "autoload": {
                "classmap": [
                    "PasswordHash.php"
                ]
            }
        },
        {
            "name": "owasp/phprbac",
            "version": "2.0.x-dev",
            "source": {
                "type": "git",
                "url": "https://github.com/OWASP/rbac.git",
                "reference": "82ba74cf823a8c5a9225a56d51f58f9f60b20c54"
            },
            "dist": {
                "type": "zip",
                "url": "https://api.github.com/repos/OWASP/rbac/zipball/82ba74cf823a8c5a9225a56d51f58f9f60b20c54",
                "reference": "82ba74cf823a8c5a9225a56d51f58f9f60b20c54",
                "shasum": ""
            },
            "type": "library",
            "autoload": {
                "psr-0": {
                    "PhpRbac": "PhpRbac/src"
                }
            },
            "notification-url": "https://packagist.org/downloads/",
            "license": [
                "CC-BY-SA-3.0"
            ],
            "authors": [
                {
                    "name": "AbiusX",
                    "email": "me@abiusx.com",
                    "homepage": "http://abiusx.com/",
                    "role": "Lead Developer"
                },
                {
                    "name": "Jesse Burns",
                    "email": "jesse.burns@alliancecms.com",
                    "homepage": "http://www.jbwebware.com",
                    "role": "Developer"
                }
            ],
            "description": "PHP-RBAC is the de-facto authorization library for PHP. It provides developers with NIST Level 2 Standard Role Based Access Control and more, in the fastest implementation yet.",
            "homepage": "http://phprbac.net/",
            "keywords": [
                "owasp",
                "rbac",
                "security"
            ],
            "time": "2014-03-14 13:16:56"
        },
        {
            "name": "smarty/smarty",
            "version": "dev-master",
            "source": {
                "type": "git",
                "url": "https://github.com/smarty-php/smarty.git",
                "reference": "b39f561083e0ff7c50ecef05668c880ede279bd3"
            },
            "dist": {
                "type": "zip",
                "url": "https://api.github.com/repos/smarty-php/smarty/zipball/b39f561083e0ff7c50ecef05668c880ede279bd3",
                "reference": "b39f561083e0ff7c50ecef05668c880ede279bd3",
                "shasum": ""
            },
            "require": {
                "php": ">=5.2"
            },
            "type": "library",
            "extra": {
                "branch-alias": {
                    "dev-master": "3.1.x-dev"
                }
            },
            "autoload": {
                "classmap": [
                    "libs/Smarty.class.php",
                    "libs/SmartyBC.class.php",
                    "libs/sysplugins/"
                ]
            },
            "notification-url": "https://packagist.org/downloads/",
            "license": [
                "LGPL-3.0"
            ],
            "authors": [
                {
                    "name": "Monte Ohrt",
                    "email": "monte@ohrt.com"
                },
                {
                    "name": "Uwe Tews",
                    "email": "uwe.tews@googlemail.com"
                },
                {
                    "name": "Rodney Rehm",
                    "email": "rodney.rehm@medialize.de"
                }
            ],
            "description": "Smarty - the compiling PHP template engine",
            "homepage": "http://www.smarty.net",
            "keywords": [
                "templating"
            ],
            "time": "2016-02-20 21:00:19"
        }
    ],
    "packages-dev": [],
    "aliases": [],
    "minimum-stability": "dev",
    "stability-flags": {
        "owasp/phprbac": 20
    },
    "prefer-stable": false,
    "prefer-lowest": false,
    "platform": [],
    "platform-dev": []
}
